// !$*UTF8*$!
{
	archiveVersion = 1;
	classes = {
	};
	objectVersion = 55;
	objects = {

/* Begin PBXBuildFile section */
		DD047B782908E4E900A3AA52 /* OperatorsAndExpressions.swift in Sources */ = {isa = PBXBuildFile; fileRef = DD047B772908E4E900A3AA52 /* OperatorsAndExpressions.swift */; };
		DD047B7A29092C8900A3AA52 /* ControlFlow.swift in Sources */ = {isa = PBXBuildFile; fileRef = DD047B7929092C8900A3AA52 /* ControlFlow.swift */; };
		DD047B7D290A559A00A3AA52 /* FunctionMethodClosures.swift in Sources */ = {isa = PBXBuildFile; fileRef = DD047B7C290A559A00A3AA52 /* FunctionMethodClosures.swift */; };
		DDDDBC652908CE9A0006EB51 /* main.swift in Sources */ = {isa = PBXBuildFile; fileRef = DDDDBC642908CE9A0006EB51 /* main.swift */; };
		DDDDBC6D2908D1E50006EB51 /* TypesConstantsVariables.swift in Sources */ = {isa = PBXBuildFile; fileRef = DDDDBC6C2908D1E50006EB51 /* TypesConstantsVariables.swift */; };
/* End PBXBuildFile section */

/* Begin PBXCopyFilesBuildPhase section */
		DDDDBC5F2908CE9A0006EB51 /* CopyFiles */ = {
			isa = PBXCopyFilesBuildPhase;
			buildActionMask = 2147483647;
			dstPath = /usr/share/man/man1/;
			dstSubfolderSpec = 0;
			files = (
			);
			runOnlyForDeploymentPostprocessing = 1;
		};
/* End PBXCopyFilesBuildPhase section */

/* Begin PBXFileReference section */
		DD047B772908E4E900A3AA52 /* OperatorsAndExpressions.swift */ = {isa = PBXFileReference; lastKnownFileType = sourcecode.swift; path = OperatorsAndExpressions.swift; sourceTree = "<group>"; };
		DD047B7929092C8900A3AA52 /* ControlFlow.swift */ = {isa = PBXFileReference; lastKnownFileType = sourcecode.swift; path = ControlFlow.swift; sourceTree = "<group>"; };
		DD047B7B290A1E8100A3AA52 /* README.md */ = {isa = PBXFileReference; lastKnownFileType = net.daringfireball.markdown; path = README.md; sourceTree = "<group>"; };
		DD047B7C290A559A00A3AA52 /* FunctionMethodClosures.swift */ = {isa = PBXFileReference; lastKnownFileType = sourcecode.swift; path = FunctionMethodClosures.swift; sourceTree = "<group>"; };
		DDDDBC612908CE9A0006EB51 /* Swift Programming for Mobile App Development  */ = {isa = PBXFileReference; explicitFileType = "compiled.mach-o.executable"; includeInIndex = 0; path = "Swift Programming for Mobile App Development "; sourceTree = BUILT_PRODUCTS_DIR; };
		DDDDBC642908CE9A0006EB51 /* main.swift */ = {isa = PBXFileReference; lastKnownFileType = sourcecode.swift; path = main.swift; sourceTree = "<group>"; };
		DDDDBC6C2908D1E50006EB51 /* TypesConstantsVariables.swift */ = {isa = PBXFileReference; lastKnownFileType = sourcecode.swift; path = TypesConstantsVariables.swift; sourceTree = "<group>"; };
/* End PBXFileReference section */

/* Begin PBXFrameworksBuildPhase section */
		DDDDBC5E2908CE9A0006EB51 /* Frameworks */ = {
			isa = PBXFrameworksBuildPhase;
			buildActionMask = 2147483647;
			files = (
			);
			runOnlyForDeploymentPostprocessing = 0;
		};
/* End PBXFrameworksBuildPhase section */

/* Begin PBXGroup section */
		DDDDBC582908CE9A0006EB51 = {
			isa = PBXGroup;
			children = (
				DD047B7B290A1E8100A3AA52 /* README.md */,
				DDDDBC632908CE9A0006EB51 /* Code */,
				DDDDBC622908CE9A0006EB51 /* Products */,
			);
			sourceTree = "<group>";
		};
		DDDDBC622908CE9A0006EB51 /* Products */ = {
			isa = PBXGroup;
			children = (
				DDDDBC612908CE9A0006EB51 /* Swift Programming for Mobile App Development  */,
			);
			name = Products;
			sourceTree = "<group>";
		};
		DDDDBC632908CE9A0006EB51 /* Code */ = {
			isa = PBXGroup;
			children = (
				DD047B7C290A559A00A3AA52 /* FunctionMethodClosures.swift */,
				DDDDBC6C2908D1E50006EB51 /* TypesConstantsVariables.swift */,
				DDDDBC642908CE9A0006EB51 /* main.swift */,
				DD047B772908E4E900A3AA52 /* OperatorsAndExpressions.swift */,
				DD047B7929092C8900A3AA52 /* ControlFlow.swift */,
			);
			path = Code;
			sourceTree = "<group>";
		};
/* End PBXGroup section */

/* Begin PBXNativeTarget section */
		DDDDBC602908CE9A0006EB51 /* Swift Programming for Mobile App Development  */ = {
			isa = PBXNativeTarget;
			buildConfigurationList = DDDDBC682908CE9A0006EB51 /* Build configuration list for PBXNativeTarget "Swift Programming for Mobile App Development " */;
			buildPhases = (
				DDDDBC5D2908CE9A0006EB51 /* Sources */,
				DDDDBC5E2908CE9A0006EB51 /* Frameworks */,
				DDDDBC5F2908CE9A0006EB51 /* CopyFiles */,
			);
			buildRules = (
			);
			dependencies = (
			);
			name = "Swift Programming for Mobile App Development ";
			productName = SwiftBeginner;
			productReference = DDDDBC612908CE9A0006EB51 /* Swift Programming for Mobile App Development  */;
			productType = "com.apple.product-type.tool";
		};
/* End PBXNativeTarget section */

/* Begin PBXProject section */
		DDDDBC592908CE9A0006EB51 /* Project object */ = {
			isa = PBXProject;
			attributes = {
				BuildIndependentTargetsInParallel = 1;
				LastSwiftUpdateCheck = 1340;
				LastUpgradeCheck = 1340;
				TargetAttributes = {
					DDDDBC602908CE9A0006EB51 = {
						CreatedOnToolsVersion = 13.4.1;
					};
				};
			};
			buildConfigurationList = DDDDBC5C2908CE9A0006EB51 /* Build configuration list for PBXProject "Swift Programming for Mobile App Development " */;
			compatibilityVersion = "Xcode 13.0";
			developmentRegion = en;
			hasScannedForEncodings = 0;
			knownRegions = (
				en,
				Base,
			);
			mainGroup = DDDDBC582908CE9A0006EB51;
			productRefGroup = DDDDBC622908CE9A0006EB51 /* Products */;
			projectDirPath = "";
			projectRoot = "";
			targets = (
				DDDDBC602908CE9A0006EB51 /* Swift Programming for Mobile App Development  */,
			);
		};
/* End PBXProject section */

/* Begin PBXSourcesBuildPhase section */
		DDDDBC5D2908CE9A0006EB51 /* Sources */ = {
			isa = PBXSourcesBuildPhase;
			buildActionMask = 2147483647;
			files = (
				DD047B782908E4E900A3AA52 /* OperatorsAndExpressions.swift in Sources */,
				DD047B7A29092C8900A3AA52 /* ControlFlow.swift in Sources */,
				DD047B7D290A559A00A3AA52 /* FunctionMethodClosures.swift in Sources */,
				DDDDBC6D2908D1E50006EB51 /* TypesConstantsVariables.swift in Sources */,
				DDDDBC652908CE9A0006EB51 /* main.swift in Sources */,
			);
			runOnlyForDeploymentPostprocessing = 0;
		};
/* End PBXSourcesBuildPhase section */

/* Begin XCBuildConfiguration section */
		DDDDBC662908CE9A0006EB51 /* Debug */ = {
			isa = XCBuildConfiguration;
			buildSettings = {
				ALWAYS_SEARCH_USER_PATHS = NO;
				CLANG_ANALYZER_NONNULL = YES;
				CLANG_ANALYZER_NUMBER_OBJECT_CONVERSION = YES_AGGRESSIVE;
				CLANG_CXX_LANGUAGE_STANDARD = "gnu++17";
				CLANG_ENABLE_MODULES = YES;
				CLANG_ENABLE_OBJC_ARC = YES;
				CLANG_ENABLE_OBJC_WEAK = YES;
				CLANG_WARN_BLOCK_CAPTURE_AUTORELEASING = YES;
				CLANG_WARN_BOOL_CONVERSION = YES;
				CLANG_WARN_COMMA = YES;
				CLANG_WARN_CONSTANT_CONVERSION = YES;
				CLANG_WARN_DEPRECATED_OBJC_IMPLEMENTATIONS = YES;
				CLANG_WARN_DIRECT_OBJC_ISA_USAGE = YES_ERROR;
				CLANG_WARN_DOCUMENTATION_COMMENTS = YES;
				CLANG_WARN_EMPTY_BODY = YES;
				CLANG_WARN_ENUM_CONVERSION = YES;
				CLANG_WARN_INFINITE_RECURSION = YES;
				CLANG_WARN_INT_CONVERSION = YES;
				CLANG_WARN_NON_LITERAL_NULL_CONVERSION = YES;
				CLANG_WARN_OBJC_IMPLICIT_RETAIN_SELF = YES;
				CLANG_WARN_OBJC_LITERAL_CONVERSION = YES;
				CLANG_WARN_OBJC_ROOT_CLASS = YES_ERROR;
				CLANG_WARN_QUOTED_INCLUDE_IN_FRAMEWORK_HEADER = YES;
				CLANG_WARN_RANGE_LOOP_ANALYSIS = YES;
				CLANG_WARN_STRICT_PROTOTYPES = YES;
				CLANG_WARN_SUSPICIOUS_MOVE = YES;
				CLANG_WARN_UNGUARDED_AVAILABILITY = YES_AGGRESSIVE;
				CLANG_WARN_UNREACHABLE_CODE = YES;
				CLANG_WARN__DUPLICATE_METHOD_MATCH = YES;
				COPY_PHASE_STRIP = NO;
				DEBUG_INFORMATION_FORMAT = dwarf;
				ENABLE_STRICT_OBJC_MSGSEND = YES;
				ENABLE_TESTABILITY = YES;
				GCC_C_LANGUAGE_STANDARD = gnu11;
				GCC_DYNAMIC_NO_PIC = NO;
				GCC_NO_COMMON_BLOCKS = YES;
				GCC_OPTIMIZATION_LEVEL = 0;
				GCC_PREPROCESSOR_DEFINITIONS = (
					"DEBUG=1",
					"$(inherited)",
				);
				GCC_WARN_64_TO_32_BIT_CONVERSION = YES;
				GCC_WARN_ABOUT_RETURN_TYPE = YES_ERROR;
				GCC_WARN_UNDECLARED_SELECTOR = YES;
				GCC_WARN_UNINITIALIZED_AUTOS = YES_AGGRESSIVE;
				GCC_WARN_UNUSED_FUNCTION = YES;
				GCC_WARN_UNUSED_VARIABLE = YES;
				MACOSX_DEPLOYMENT_TARGET = 12.1;
				MTL_ENABLE_DEBUG_INFO = INCLUDE_SOURCE;
				MTL_FAST_MATH = YES;
				ONLY_ACTIVE_ARCH = YES;
				SDKROOT = macosx;
				SWIFT_ACTIVE_COMPILATION_CONDITIONS = DEBUG;
				SWIFT_OPTIMIZATION_LEVEL = "-Onone";
			};
			name = Debug;
		};
		DDDDBC672908CE9A0006EB51 /* Release */ = {
			isa = XCBuildConfiguration;
			buildSettings = {
				ALWAYS_SEARCH_USER_PATHS = NO;
				CLANG_ANALYZER_NONNULL = YES;
				CLANG_ANALYZER_NUMBER_OBJECT_CONVERSION = YES_AGGRESSIVE;
				CLANG_CXX_LANGUAGE_STANDARD = "gnu++17";
				CLANG_ENABLE_MODULES = YES;
				CLANG_ENABLE_OBJC_ARC = YES;
				CLANG_ENABLE_OBJC_WEAK = YES;
				CLANG_WARN_BLOCK_CAPTURE_AUTORELEASING = YES;
				CLANG_WARN_BOOL_CONVERSION = YES;
				CLANG_WARN_COMMA = YES;
				CLANG_WARN_CONSTANT_CONVERSION = YES;
				CLANG_WARN_DEPRECATED_OBJC_IMPLEMENTATIONS = YES;
				CLANG_WARN_DIRECT_OBJC_ISA_USAGE = YES_ERROR;
				CLANG_WARN_DOCUMENTATION_COMMENTS = YES;
				CLANG_WARN_EMPTY_BODY = YES;
				CLANG_WARN_ENUM_CONVERSION = YES;
				CLANG_WARN_INFINITE_RECURSION = YES;
				CLANG_WARN_INT_CONVERSION = YES;
				CLANG_WARN_NON_LITERAL_NULL_CONVERSION = YES;
				CLANG_WARN_OBJC_IMPLICIT_RETAIN_SELF = YES;
				CLANG_WARN_OBJC_LITERAL_CONVERSION = YES;
				CLANG_WARN_OBJC_ROOT_CLASS = YES_ERROR;
				CLANG_WARN_QUOTED_INCLUDE_IN_FRAMEWORK_HEADER = YES;
				CLANG_WARN_RANGE_LOOP_ANALYSIS = YES;
				CLANG_WARN_STRICT_PROTOTYPES = YES;
				CLANG_WARN_SUSPICIOUS_MOVE = YES;
				CLANG_WARN_UNGUARDED_AVAILABILITY = YES_AGGRESSIVE;
				CLANG_WARN_UNREACHABLE_CODE = YES;
				CLANG_WARN__DUPLICATE_METHOD_MATCH = YES;
				COPY_PHASE_STRIP = NO;
				DEBUG_INFORMATION_FORMAT = "dwarf-with-dsym";
				ENABLE_NS_ASSERTIONS = NO;
				ENABLE_STRICT_OBJC_MSGSEND = YES;
				GCC_C_LANGUAGE_STANDARD = gnu11;
				GCC_NO_COMMON_BLOCKS = YES;
				GCC_WARN_64_TO_32_BIT_CONVERSION = YES;
				GCC_WARN_ABOUT_RETURN_TYPE = YES_ERROR;
				GCC_WARN_UNDECLARED_SELECTOR = YES;
				GCC_WARN_UNINITIALIZED_AUTOS = YES_AGGRESSIVE;
				GCC_WARN_UNUSED_FUNCTION = YES;
				GCC_WARN_UNUSED_VARIABLE = YES;
				MACOSX_DEPLOYMENT_TARGET = 12.1;
				MTL_ENABLE_DEBUG_INFO = NO;
				MTL_FAST_MATH = YES;
				SDKROOT = macosx;
				SWIFT_COMPILATION_MODE = wholemodule;
				SWIFT_OPTIMIZATION_LEVEL = "-O";
			};
			name = Release;
		};
		DDDDBC692908CE9A0006EB51 /* Debug */ = {
			isa = XCBuildConfiguration;
			buildSettings = {
				CODE_SIGN_STYLE = Automatic;
				PRODUCT_NAME = "$(TARGET_NAME)";
				SWIFT_VERSION = 5.0;
			};
			name = Debug;
		};
		DDDDBC6A2908CE9A0006EB51 /* Release */ = {
			isa = XCBuildConfiguration;
			buildSettings = {
				CODE_SIGN_STYLE = Automatic;
				PRODUCT_NAME = "$(TARGET_NAME)";
				SWIFT_VERSION = 5.0;
			};
			name = Release;
		};
/* End XCBuildConfiguration section */

/* Begin XCConfigurationList section */
		DDDDBC5C2908CE9A0006EB51 /* Build configuration list for PBXProject "Swift Programming for Mobile App Development " */ = {
			isa = XCConfigurationList;
			buildConfigurations = (
				DDDDBC662908CE9A0006EB51 /* Debug */,
				DDDDBC672908CE9A0006EB51 /* Release */,
			);
			defaultConfigurationIsVisible = 0;
			defaultConfigurationName = Release;
		};
		DDDDBC682908CE9A0006EB51 /* Build configuration list for PBXNativeTarget "Swift Programming for Mobile App Development " */ = {
			isa = XCConfigurationList;
			buildConfigurations = (
				DDDDBC692908CE9A0006EB51 /* Debug */,
				DDDDBC6A2908CE9A0006EB51 /* Release */,
			);
			defaultConfigurationIsVisible = 0;
			defaultConfigurationName = Release;
		};
/* End XCConfigurationList section */
	};
	rootObject = DDDDBC592908CE9A0006EB51 /* Project object */;
}
